{
  "name": "NEA",
  "lockfileVersion": 3,
  "requires": true,
  "packages": {
    "": {
      "dependencies": {
        "nepali-calendar": "^1.0.0"
      }
    },
    "node_modules/nepali-calendar": {
      "version": "1.0.0",
      "resolved": "https://registry.npmjs.org/nepali-calendar/-/nepali-calendar-1.0.0.tgz",
      "integrity": "sha512-e0W5sFOBXxNYSQdE0VpgY8lqaunO+PbT0UDUfBZJjqQ3tnD1zNzV16BCabXXUZmSZ1gtvnhUdXYt3Vf4g5HwJA==",
      "license": "MIT"
    }
  }
}
